
Microsoft Visual Studio Solution File, Format Version 12.00
# Visual Studio 2012
Project("{262852C6-CD72-467D-83FE-5EEB1973A190}") = "Live SDK Testing", "Testing\Live SDK Testing.jsproj", "{EFA2AC65-3F63-4471-A78C-F4F3FC51F8D2}"
EndProject
Global
	GlobalSection(SolutionConfigurationPlatforms) = preSolution
		Debug|ARM = Debug|ARM
		Debug|Any CPU = Debug|Any CPU
		Debug|x64 = Debug|x64
		Debug|x86 = Debug|x86
		Release|ARM = Release|ARM
		Release|Any CPU = Release|Any CPU
		Release|x64 = Release|x64
		Release|x86 = Release|x86
	EndGlobalSection
	GlobalSection(ProjectConfigurationPlatforms) = postSolution
		{EFA2AC65-3F63-4471-A78C-F4F3FC51F8D2}.Debug|ARM.ActiveCfg = Debug|ARM
		{EFA2AC65-3F63-4471-A78C-F4F3FC51F8D2}.Debug|ARM.Build.0 = Debug|ARM
		{EFA2AC65-3F63-4471-A78C-F4F3FC51F8D2}.Debug|ARM.Deploy.0 = Debug|ARM
		{EFA2AC65-3F63-4471-A78C-F4F3FC51F8D2}.Debug|Any CPU.ActiveCfg = Debug|Any CPU
		{EFA2AC65-3F63-4471-A78C-F4F3FC51F8D2}.Debug|Any CPU.Build.0 = Debug|Any CPU
		{EFA2AC65-3F63-4471-A78C-F4F3FC51F8D2}.Debug|Any CPU.Deploy.0 = Debug|Any CPU
		{EFA2AC65-3F63-4471-A78C-F4F3FC51F8D2}.Debug|x64.ActiveCfg = Debug|x64
		{EFA2AC65-3F63-4471-A78C-F4F3FC51F8D2}.Debug|x64.Build.0 = Debug|x64
		{EFA2AC65-3F63-4471-A78C-F4F3FC51F8D2}.Debug|x64.Deploy.0 = Debug|x64
		{EFA2AC65-3F63-4471-A78C-F4F3FC51F8D2}.Debug|x86.ActiveCfg = Debug|x86
		{EFA2AC65-3F63-4471-A78C-F4F3FC51F8D2}.Debug|x86.Build.0 = Debug|x86
		{EFA2AC65-3F63-4471-A78C-F4F3FC51F8D2}.Debug|x86.Deploy.0 = Debug|x86
		{EFA2AC65-3F63-4471-A78C-F4F3FC51F8D2}.Release|ARM.ActiveCfg = Release|ARM
		{EFA2AC65-3F63-4471-A78C-F4F3FC51F8D2}.Release|ARM.Build.0 = Release|ARM
		{EFA2AC65-3F63-4471-A78C-F4F3FC51F8D2}.Release|ARM.Deploy.0 = Release|ARM
		{EFA2AC65-3F63-4471-A78C-F4F3FC51F8D2}.Release|Any CPU.ActiveCfg = Release|Any CPU
		{EFA2AC65-3F63-4471-A78C-F4F3FC51F8D2}.Release|Any CPU.Build.0 = Release|Any CPU
		{EFA2AC65-3F63-4471-A78C-F4F3FC51F8D2}.Release|Any CPU.Deploy.0 = Release|Any CPU
		{EFA2AC65-3F63-4471-A78C-F4F3FC51F8D2}.Release|x64.ActiveCfg = Release|x64
		{EFA2AC65-3F63-4471-A78C-F4F3FC51F8D2}.Release|x64.Build.0 = Release|x64
		{EFA2AC65-3F63-4471-A78C-F4F3FC51F8D2}.Release|x64.Deploy.0 = Release|x64
		{EFA2AC65-3F63-4471-A78C-F4F3FC51F8D2}.Release|x86.ActiveCfg = Release|x86
		{EFA2AC65-3F63-4471-A78C-F4F3FC51F8D2}.Release|x86.Build.0 = Release|x86
		{EFA2AC65-3F63-4471-A78C-F4F3FC51F8D2}.Release|x86.Deploy.0 = Release|x86
	EndGlobalSection
	GlobalSection(SolutionProperties) = preSolution
		HideSolutionNode = FALSE
	EndGlobalSection
EndGlobal
